
Microsoft Visual Studio Solution File, Format Version 12.00
# Visual Studio 15
VisualStudioVersion = 15.0.27130.2010
MinimumVisualStudioVersion = 10.0.40219.1
Project("{FAE04EC0-301F-11D3-BF4B-00C04F79EFBC}") = "SineadK", "SineadK\SineadK.csproj", "{107BC0F0-7BC2-40B3-828D-E3033173030F}"
EndProject
Global
	GlobalSection(SolutionConfigurationPlatforms) = preSolution
		Debug|Any CPU = Debug|Any CPU
		Release|Any CPU = Release|Any CPU
	EndGlobalSection
	GlobalSection(ProjectConfigurationPlatforms) = postSolution
		{107BC0F0-7BC2-40B3-828D-E3033173030F}.Debug|Any CPU.ActiveCfg = Debug|Any CPU
		{107BC0F0-7BC2-40B3-828D-E3033173030F}.Debug|Any CPU.Build.0 = Debug|Any CPU
		{107BC0F0-7BC2-40B3-828D-E3033173030F}.Release|Any CPU.ActiveCfg = Release|Any CPU
		{107BC0F0-7BC2-40B3-828D-E3033173030F}.Release|Any CPU.Build.0 = Release|Any CPU
	EndGlobalSection
	GlobalSection(SolutionProperties) = preSolution
		HideSolutionNode = FALSE
	EndGlobalSection
	GlobalSection(ExtensibilityGlobals) = postSolution
		SolutionGuid = {74CD340D-D601-4D21-B064-75EA92BBAB13}
	EndGlobalSection
EndGlobal
